
Microsoft Visual Studio Solution File, Format Version 12.00
# Visual Studio Version 16
VisualStudioVersion = 16.0.29926.136
MinimumVisualStudioVersion = 10.0.40219.1
Project("{FAE04EC0-301F-11D3-BF4B-00C04F79EFBC}") = "Sintagri", "Sintagri.csproj", "{F932E595-A75D-4393-A035-B157A83174D3}"
EndProject
Global
	GlobalSection(SolutionConfigurationPlatforms) = preSolution
		Debug|Any CPU = Debug|Any CPU
		Release|Any CPU = Release|Any CPU
	EndGlobalSection
	GlobalSection(ProjectConfigurationPlatforms) = postSolution
		{F932E595-A75D-4393-A035-B157A83174D3}.Debug|Any CPU.ActiveCfg = Debug|Any CPU
		{F932E595-A75D-4393-A035-B157A83174D3}.Debug|Any CPU.Build.0 = Debug|Any CPU
		{F932E595-A75D-4393-A035-B157A83174D3}.Release|Any CPU.ActiveCfg = Release|Any CPU
		{F932E595-A75D-4393-A035-B157A83174D3}.Release|Any CPU.Build.0 = Release|Any CPU
	EndGlobalSection
	GlobalSection(SolutionProperties) = preSolution
		HideSolutionNode = FALSE
	EndGlobalSection
	GlobalSection(ExtensibilityGlobals) = postSolution
		SolutionGuid = {90706727-F457-412B-8C2F-5D8231B665B0}
	EndGlobalSection
EndGlobal
